// !$*UTF8*$!
{
	archiveVersion = 1;
	classes = {
	};
	objectVersion = 46;
	objects = {

/* Begin PBXBuildFile section */
		8C475CBA1DB9DB8C00E4CE1B /* AFHTTPSessionManager.m in Sources */ = {isa = PBXBuildFile; fileRef = 8C475CA11DB9DB8C00E4CE1B /* AFHTTPSessionManager.m */; };
		8C475CBB1DB9DB8C00E4CE1B /* AFNetworkReachabilityManager.m in Sources */ = {isa = PBXBuildFile; fileRef = 8C475CA41DB9DB8C00E4CE1B /* AFNetworkReachabilityManager.m */; };
		8C475CBC1DB9DB8C00E4CE1B /* AFSecurityPolicy.m in Sources */ = {isa = PBXBuildFile; fileRef = 8C475CA61DB9DB8C00E4CE1B /* AFSecurityPolicy.m */; };
		8C475CBD1DB9DB8C00E4CE1B /* AFURLRequestSerialization.m in Sources */ = {isa = PBXBuildFile; fileRef = 8C475CA81DB9DB8C00E4CE1B /* AFURLRequestSerialization.m */; };
		8C475CBE1DB9DB8C00E4CE1B /* AFURLResponseSerialization.m in Sources */ = {isa = PBXBuildFile; fileRef = 8C475CAA1DB9DB8C00E4CE1B /* AFURLResponseSerialization.m */; };
		8C475CBF1DB9DB8C00E4CE1B /* AFURLSessionManager.m in Sources */ = {isa = PBXBuildFile; fileRef = 8C475CAC1DB9DB8C00E4CE1B /* AFURLSessionManager.m */; };
		8C475CC01DB9DB8C00E4CE1B /* Reachability.m in Sources */ = {isa = PBXBuildFile; fileRef = 8C475CAF1DB9DB8C00E4CE1B /* Reachability.m */; };
		8C475CC11DB9DB8C00E4CE1B /* ReachabilityManager.m in Sources */ = {isa = PBXBuildFile; fileRef = 8C475CB11DB9DB8C00E4CE1B /* ReachabilityManager.m */; };
		8C475CC71DB9DBE700E4CE1B /* FeedManager.m in Sources */ = {isa = PBXBuildFile; fileRef = 8C475CC61DB9DBE700E4CE1B /* FeedManager.m */; };
		8C4B7CC91DB7709200EB585F /* main.m in Sources */ = {isa = PBXBuildFile; fileRef = 8C4B7CC81DB7709200EB585F /* main.m */; };
		8C4B7CCC1DB7709200EB585F /* AppDelegate.m in Sources */ = {isa = PBXBuildFile; fileRef = 8C4B7CCB1DB7709200EB585F /* AppDelegate.m */; };
		8C4B7CD21DB7709200EB585F /* Main.storyboard in Resources */ = {isa = PBXBuildFile; fileRef = 8C4B7CD01DB7709200EB585F /* Main.storyboard */; };
		8C4B7CD41DB7709200EB585F /* Assets.xcassets in Resources */ = {isa = PBXBuildFile; fileRef = 8C4B7CD31DB7709200EB585F /* Assets.xcassets */; };
		CDB9069C1DB8E4E60027F423 /* BaseTabViewController.m in Sources */ = {isa = PBXBuildFile; fileRef = CDB9069B1DB8E4E60027F423 /* BaseTabViewController.m */; };
		CDB9069F1DB8E4FF0027F423 /* BaseViewController.m in Sources */ = {isa = PBXBuildFile; fileRef = CDB9069E1DB8E4FF0027F423 /* BaseViewController.m */; };
		CDB906A61DB8E5ED0027F423 /* AnnouncementViewController.m in Sources */ = {isa = PBXBuildFile; fileRef = CDB906A51DB8E5ED0027F423 /* AnnouncementViewController.m */; };
		CDB906A91DB8E5FD0027F423 /* SearchViewController.m in Sources */ = {isa = PBXBuildFile; fileRef = CDB906A81DB8E5FD0027F423 /* SearchViewController.m */; };
		CDB906AC1DB8E6080027F423 /* ClassificationViewController.m in Sources */ = {isa = PBXBuildFile; fileRef = CDB906AB1DB8E6080027F423 /* ClassificationViewController.m */; };
		CDB906B01DB8E8E40027F423 /* LaunchScreen.storyboard in Resources */ = {isa = PBXBuildFile; fileRef = CDB906AF1DB8E8E40027F423 /* LaunchScreen.storyboard */; };
		CDB906B31DB8EAAD0027F423 /* LaunchViewController.m in Sources */ = {isa = PBXBuildFile; fileRef = CDB906B21DB8EAAD0027F423 /* LaunchViewController.m */; };
		CDB906B61DB8F90E0027F423 /* AppManager.m in Sources */ = {isa = PBXBuildFile; fileRef = CDB906B51DB8F90E0027F423 /* AppManager.m */; };
		CDB906BA1DB8FA1F0027F423 /* UIColor+HexColor.m in Sources */ = {isa = PBXBuildFile; fileRef = CDB906B91DB8FA1F0027F423 /* UIColor+HexColor.m */; };
/* End PBXBuildFile section */

/* Begin PBXFileReference section */
		8C475CA01DB9DB8C00E4CE1B /* AFHTTPSessionManager.h */ = {isa = PBXFileReference; fileEncoding = 4; lastKnownFileType = sourcecode.c.h; path = AFHTTPSessionManager.h; sourceTree = "<group>"; };
		8C475CA11DB9DB8C00E4CE1B /* AFHTTPSessionManager.m */ = {isa = PBXFileReference; fileEncoding = 4; lastKnownFileType = sourcecode.c.objc; path = AFHTTPSessionManager.m; sourceTree = "<group>"; };
		8C475CA21DB9DB8C00E4CE1B /* AFNetworking.h */ = {isa = PBXFileReference; fileEncoding = 4; lastKnownFileType = sourcecode.c.h; path = AFNetworking.h; sourceTree = "<group>"; };
		8C475CA31DB9DB8C00E4CE1B /* AFNetworkReachabilityManager.h */ = {isa = PBXFileReference; fileEncoding = 4; lastKnownFileType = sourcecode.c.h; path = AFNetworkReachabilityManager.h; sourceTree = "<group>"; };
		8C475CA41DB9DB8C00E4CE1B /* AFNetworkReachabilityManager.m */ = {isa = PBXFileReference; fileEncoding = 4; lastKnownFileType = sourcecode.c.objc; path = AFNetworkReachabilityManager.m; sourceTree = "<group>"; };
		8C475CA51DB9DB8C00E4CE1B /* AFSecurityPolicy.h */ = {isa = PBXFileReference; fileEncoding = 4; lastKnownFileType = sourcecode.c.h; path = AFSecurityPolicy.h; sourceTree = "<group>"; };
		8C475CA61DB9DB8C00E4CE1B /* AFSecurityPolicy.m */ = {isa = PBXFileReference; fileEncoding = 4; lastKnownFileType = sourcecode.c.objc; path = AFSecurityPolicy.m; sourceTree = "<group>"; };
		8C475CA71DB9DB8C00E4CE1B /* AFURLRequestSerialization.h */ = {isa = PBXFileReference; fileEncoding = 4; lastKnownFileType = sourcecode.c.h; path = AFURLRequestSerialization.h; sourceTree = "<group>"; };
		8C475CA81DB9DB8C00E4CE1B /* AFURLRequestSerialization.m */ = {isa = PBXFileReference; fileEncoding = 4; lastKnownFileType = sourcecode.c.objc; path = AFURLRequestSerialization.m; sourceTree = "<group>"; };
		8C475CA91DB9DB8C00E4CE1B /* AFURLResponseSerialization.h */ = {isa = PBXFileReference; fileEncoding = 4; lastKnownFileType = sourcecode.c.h; path = AFURLResponseSerialization.h; sourceTree = "<group>"; };
		8C475CAA1DB9DB8C00E4CE1B /* AFURLResponseSerialization.m */ = {isa = PBXFileReference; fileEncoding = 4; lastKnownFileType = sourcecode.c.objc; path = AFURLResponseSerialization.m; sourceTree = "<group>"; };
		8C475CAB1DB9DB8C00E4CE1B /* AFURLSessionManager.h */ = {isa = PBXFileReference; fileEncoding = 4; lastKnownFileType = sourcecode.c.h; path = AFURLSessionManager.h; sourceTree = "<group>"; };
		8C475CAC1DB9DB8C00E4CE1B /* AFURLSessionManager.m */ = {isa = PBXFileReference; fileEncoding = 4; lastKnownFileType = sourcecode.c.objc; path = AFURLSessionManager.m; sourceTree = "<group>"; };
		8C475CAE1DB9DB8C00E4CE1B /* Reachability.h */ = {isa = PBXFileReference; fileEncoding = 4; lastKnownFileType = sourcecode.c.h; path = Reachability.h; sourceTree = "<group>"; };
		8C475CAF1DB9DB8C00E4CE1B /* Reachability.m */ = {isa = PBXFileReference; fileEncoding = 4; lastKnownFileType = sourcecode.c.objc; path = Reachability.m; sourceTree = "<group>"; };
		8C475CB01DB9DB8C00E4CE1B /* ReachabilityManager.h */ = {isa = PBXFileReference; fileEncoding = 4; lastKnownFileType = sourcecode.c.h; path = ReachabilityManager.h; sourceTree = "<group>"; };
		8C475CB11DB9DB8C00E4CE1B /* ReachabilityManager.m */ = {isa = PBXFileReference; fileEncoding = 4; lastKnownFileType = sourcecode.c.objc; path = ReachabilityManager.m; sourceTree = "<group>"; };
		8C475CC51DB9DBE700E4CE1B /* FeedManager.h */ = {isa = PBXFileReference; fileEncoding = 4; lastKnownFileType = sourcecode.c.h; path = FeedManager.h; sourceTree = "<group>"; };
		8C475CC61DB9DBE700E4CE1B /* FeedManager.m */ = {isa = PBXFileReference; fileEncoding = 4; lastKnownFileType = sourcecode.c.objc; path = FeedManager.m; sourceTree = "<group>"; };
		8C4B7CC41DB7709200EB585F /* TSFH_iOS.app */ = {isa = PBXFileReference; explicitFileType = wrapper.application; includeInIndex = 0; path = TSFH_iOS.app; sourceTree = BUILT_PRODUCTS_DIR; };
		8C4B7CC81DB7709200EB585F /* main.m */ = {isa = PBXFileReference; lastKnownFileType = sourcecode.c.objc; path = main.m; sourceTree = "<group>"; };
		8C4B7CCA1DB7709200EB585F /* AppDelegate.h */ = {isa = PBXFileReference; lastKnownFileType = sourcecode.c.h; path = AppDelegate.h; sourceTree = "<group>"; };
		8C4B7CCB1DB7709200EB585F /* AppDelegate.m */ = {isa = PBXFileReference; lastKnownFileType = sourcecode.c.objc; path = AppDelegate.m; sourceTree = "<group>"; };
		8C4B7CD11DB7709200EB585F /* Base */ = {isa = PBXFileReference; lastKnownFileType = file.storyboard; name = Base; path = Base.lproj/Main.storyboard; sourceTree = "<group>"; };
		8C4B7CD31DB7709200EB585F /* Assets.xcassets */ = {isa = PBXFileReference; lastKnownFileType = folder.assetcatalog; path = Assets.xcassets; sourceTree = "<group>"; };
		8C4B7CD81DB7709200EB585F /* Info.plist */ = {isa = PBXFileReference; lastKnownFileType = text.plist.xml; path = Info.plist; sourceTree = "<group>"; };
		CDB9069A1DB8E4E60027F423 /* BaseTabViewController.h */ = {isa = PBXFileReference; fileEncoding = 4; lastKnownFileType = sourcecode.c.h; path = BaseTabViewController.h; sourceTree = "<group>"; };
		CDB9069B1DB8E4E60027F423 /* BaseTabViewController.m */ = {isa = PBXFileReference; fileEncoding = 4; lastKnownFileType = sourcecode.c.objc; path = BaseTabViewController.m; sourceTree = "<group>"; };
		CDB9069D1DB8E4FF0027F423 /* BaseViewController.h */ = {isa = PBXFileReference; fileEncoding = 4; lastKnownFileType = sourcecode.c.h; path = BaseViewController.h; sourceTree = "<group>"; };
		CDB9069E1DB8E4FF0027F423 /* BaseViewController.m */ = {isa = PBXFileReference; fileEncoding = 4; lastKnownFileType = sourcecode.c.objc; path = BaseViewController.m; sourceTree = "<group>"; };
		CDB906A41DB8E5ED0027F423 /* AnnouncementViewController.h */ = {isa = PBXFileReference; fileEncoding = 4; lastKnownFileType = sourcecode.c.h; path = AnnouncementViewController.h; sourceTree = "<group>"; };
		CDB906A51DB8E5ED0027F423 /* AnnouncementViewController.m */ = {isa = PBXFileReference; fileEncoding = 4; lastKnownFileType = sourcecode.c.objc; path = AnnouncementViewController.m; sourceTree = "<group>"; };
		CDB906A71DB8E5FD0027F423 /* SearchViewController.h */ = {isa = PBXFileReference; fileEncoding = 4; lastKnownFileType = sourcecode.c.h; path = SearchViewController.h; sourceTree = "<group>"; };
		CDB906A81DB8E5FD0027F423 /* SearchViewController.m */ = {isa = PBXFileReference; fileEncoding = 4; lastKnownFileType = sourcecode.c.objc; path = SearchViewController.m; sourceTree = "<group>"; };
		CDB906AA1DB8E6080027F423 /* ClassificationViewController.h */ = {isa = PBXFileReference; fileEncoding = 4; lastKnownFileType = sourcecode.c.h; path = ClassificationViewController.h; sourceTree = "<group>"; };
		CDB906AB1DB8E6080027F423 /* ClassificationViewController.m */ = {isa = PBXFileReference; fileEncoding = 4; lastKnownFileType = sourcecode.c.objc; path = ClassificationViewController.m; sourceTree = "<group>"; };
		CDB906AF1DB8E8E40027F423 /* LaunchScreen.storyboard */ = {isa = PBXFileReference; fileEncoding = 4; lastKnownFileType = file.storyboard; path = LaunchScreen.storyboard; sourceTree = "<group>"; };
		CDB906B11DB8EAAD0027F423 /* LaunchViewController.h */ = {isa = PBXFileReference; fileEncoding = 4; lastKnownFileType = sourcecode.c.h; path = LaunchViewController.h; sourceTree = "<group>"; };
		CDB906B21DB8EAAD0027F423 /* LaunchViewController.m */ = {isa = PBXFileReference; fileEncoding = 4; lastKnownFileType = sourcecode.c.objc; path = LaunchViewController.m; sourceTree = "<group>"; };
		CDB906B41DB8F90E0027F423 /* AppManager.h */ = {isa = PBXFileReference; fileEncoding = 4; lastKnownFileType = sourcecode.c.h; path = AppManager.h; sourceTree = "<group>"; };
		CDB906B51DB8F90E0027F423 /* AppManager.m */ = {isa = PBXFileReference; fileEncoding = 4; lastKnownFileType = sourcecode.c.objc; path = AppManager.m; sourceTree = "<group>"; };
		CDB906B81DB8FA1F0027F423 /* UIColor+HexColor.h */ = {isa = PBXFileReference; fileEncoding = 4; lastKnownFileType = sourcecode.c.h; path = "UIColor+HexColor.h"; sourceTree = "<group>"; };
		CDB906B91DB8FA1F0027F423 /* UIColor+HexColor.m */ = {isa = PBXFileReference; fileEncoding = 4; lastKnownFileType = sourcecode.c.objc; path = "UIColor+HexColor.m"; sourceTree = "<group>"; };
/* End PBXFileReference section */

/* Begin PBXFrameworksBuildPhase section */
		8C4B7CC11DB7709200EB585F /* Frameworks */ = {
			isa = PBXFrameworksBuildPhase;
			buildActionMask = 2147483647;
			files = (
			);
			runOnlyForDeploymentPostprocessing = 0;
		};
/* End PBXFrameworksBuildPhase section */

/* Begin PBXGroup section */
		8C475C9E1DB9DB8C00E4CE1B /* Library */ = {
			isa = PBXGroup;
			children = (
				8C475C9F1DB9DB8C00E4CE1B /* AFNetworking */,
				8C475CAD1DB9DB8C00E4CE1B /* Reachability */,
			);
			path = Library;
			sourceTree = "<group>";
		};
		8C475C9F1DB9DB8C00E4CE1B /* AFNetworking */ = {
			isa = PBXGroup;
			children = (
				8C475CA01DB9DB8C00E4CE1B /* AFHTTPSessionManager.h */,
				8C475CA11DB9DB8C00E4CE1B /* AFHTTPSessionManager.m */,
				8C475CA21DB9DB8C00E4CE1B /* AFNetworking.h */,
				8C475CA31DB9DB8C00E4CE1B /* AFNetworkReachabilityManager.h */,
				8C475CA41DB9DB8C00E4CE1B /* AFNetworkReachabilityManager.m */,
				8C475CA51DB9DB8C00E4CE1B /* AFSecurityPolicy.h */,
				8C475CA61DB9DB8C00E4CE1B /* AFSecurityPolicy.m */,
				8C475CA71DB9DB8C00E4CE1B /* AFURLRequestSerialization.h */,
				8C475CA81DB9DB8C00E4CE1B /* AFURLRequestSerialization.m */,
				8C475CA91DB9DB8C00E4CE1B /* AFURLResponseSerialization.h */,
				8C475CAA1DB9DB8C00E4CE1B /* AFURLResponseSerialization.m */,
				8C475CAB1DB9DB8C00E4CE1B /* AFURLSessionManager.h */,
				8C475CAC1DB9DB8C00E4CE1B /* AFURLSessionManager.m */,
			);
			path = AFNetworking;
			sourceTree = "<group>";
		};
		8C475CAD1DB9DB8C00E4CE1B /* Reachability */ = {
			isa = PBXGroup;
			children = (
				8C475CAE1DB9DB8C00E4CE1B /* Reachability.h */,
				8C475CAF1DB9DB8C00E4CE1B /* Reachability.m */,
				8C475CB01DB9DB8C00E4CE1B /* ReachabilityManager.h */,
				8C475CB11DB9DB8C00E4CE1B /* ReachabilityManager.m */,
			);
			path = Reachability;
			sourceTree = "<group>";
		};
		8C4B7CBB1DB7709200EB585F = {
			isa = PBXGroup;
			children = (
				8C4B7CC61DB7709200EB585F /* TSFH_iOS */,
				8C4B7CC51DB7709200EB585F /* Products */,
			);
			sourceTree = "<group>";
		};
		8C4B7CC51DB7709200EB585F /* Products */ = {
			isa = PBXGroup;
			children = (
				8C4B7CC41DB7709200EB585F /* TSFH_iOS.app */,
			);
			name = Products;
			sourceTree = "<group>";
		};
		8C4B7CC61DB7709200EB585F /* TSFH_iOS */ = {
			isa = PBXGroup;
			children = (
				8C475C9E1DB9DB8C00E4CE1B /* Library */,
				CDB906B71DB8F9EF0027F423 /* Category */,
				CDB906AD1DB8E7AF0027F423 /* Manager */,
				CDB906991DB8E43A0027F423 /* ViewController */,
				8C4B7CCA1DB7709200EB585F /* AppDelegate.h */,
				8C4B7CCB1DB7709200EB585F /* AppDelegate.m */,
				8C4B7CD01DB7709200EB585F /* Main.storyboard */,
				8C4B7CC71DB7709200EB585F /* Supporting Files */,
			);
			path = TSFH_iOS;
			sourceTree = "<group>";
		};
		8C4B7CC71DB7709200EB585F /* Supporting Files */ = {
			isa = PBXGroup;
			children = (
				8C4B7CD31DB7709200EB585F /* Assets.xcassets */,
				8C4B7CD81DB7709200EB585F /* Info.plist */,
				8C4B7CC81DB7709200EB585F /* main.m */,
			);
			name = "Supporting Files";
			sourceTree = "<group>";
		};
		CDB906991DB8E43A0027F423 /* ViewController */ = {
			isa = PBXGroup;
			children = (
				CDB906AE1DB8E8580027F423 /* Launch */,
				CDB906A31DB8E5B00027F423 /* Classification */,
				CDB906A21DB8E5820027F423 /* Search */,
				CDB906A01DB8E51F0027F423 /* Announcement */,
				CDB9069A1DB8E4E60027F423 /* BaseTabViewController.h */,
				CDB9069B1DB8E4E60027F423 /* BaseTabViewController.m */,
				CDB9069D1DB8E4FF0027F423 /* BaseViewController.h */,
				CDB9069E1DB8E4FF0027F423 /* BaseViewController.m */,
			);
			path = ViewController;
			sourceTree = "<group>";
		};
		CDB906A01DB8E51F0027F423 /* Announcement */ = {
			isa = PBXGroup;
			children = (
				CDB906A41DB8E5ED0027F423 /* AnnouncementViewController.h */,
				CDB906A51DB8E5ED0027F423 /* AnnouncementViewController.m */,
			);
			path = Announcement;
			sourceTree = "<group>";
		};
		CDB906A21DB8E5820027F423 /* Search */ = {
			isa = PBXGroup;
			children = (
				CDB906A71DB8E5FD0027F423 /* SearchViewController.h */,
				CDB906A81DB8E5FD0027F423 /* SearchViewController.m */,
			);
			path = Search;
			sourceTree = "<group>";
		};
		CDB906A31DB8E5B00027F423 /* Classification */ = {
			isa = PBXGroup;
			children = (
				CDB906AA1DB8E6080027F423 /* ClassificationViewController.h */,
				CDB906AB1DB8E6080027F423 /* ClassificationViewController.m */,
			);
			path = Classification;
			sourceTree = "<group>";
		};
		CDB906AD1DB8E7AF0027F423 /* Manager */ = {
			isa = PBXGroup;
			children = (
				CDB906B41DB8F90E0027F423 /* AppManager.h */,
				CDB906B51DB8F90E0027F423 /* AppManager.m */,
				8C475CC51DB9DBE700E4CE1B /* FeedManager.h */,
				8C475CC61DB9DBE700E4CE1B /* FeedManager.m */,
			);
			path = Manager;
			sourceTree = "<group>";
		};
		CDB906AE1DB8E8580027F423 /* Launch */ = {
			isa = PBXGroup;
			children = (
				CDB906AF1DB8E8E40027F423 /* LaunchScreen.storyboard */,
				CDB906B11DB8EAAD0027F423 /* LaunchViewController.h */,
				CDB906B21DB8EAAD0027F423 /* LaunchViewController.m */,
			);
			path = Launch;
			sourceTree = "<group>";
		};
		CDB906B71DB8F9EF0027F423 /* Category */ = {
			isa = PBXGroup;
			children = (
				CDB906B81DB8FA1F0027F423 /* UIColor+HexColor.h */,
				CDB906B91DB8FA1F0027F423 /* UIColor+HexColor.m */,
			);
			path = Category;
			sourceTree = "<group>";
		};
/* End PBXGroup section */

/* Begin PBXNativeTarget section */
		8C4B7CC31DB7709200EB585F /* TSFH_iOS */ = {
			isa = PBXNativeTarget;
			buildConfigurationList = 8C4B7CDB1DB7709200EB585F /* Build configuration list for PBXNativeTarget "TSFH_iOS" */;
			buildPhases = (
				8C4B7CC01DB7709200EB585F /* Sources */,
				8C4B7CC11DB7709200EB585F /* Frameworks */,
				8C4B7CC21DB7709200EB585F /* Resources */,
			);
			buildRules = (
			);
			dependencies = (
			);
			name = TSFH_iOS;
			productName = TSFH_iOS;
			productReference = 8C4B7CC41DB7709200EB585F /* TSFH_iOS.app */;
			productType = "com.apple.product-type.application";
		};
/* End PBXNativeTarget section */

/* Begin PBXProject section */
		8C4B7CBC1DB7709200EB585F /* Project object */ = {
			isa = PBXProject;
			attributes = {
				LastUpgradeCheck = 0800;
				ORGANIZATIONNAME = CCUIOT105;
				TargetAttributes = {
					8C4B7CC31DB7709200EB585F = {
						CreatedOnToolsVersion = 8.0;
						ProvisioningStyle = Automatic;
					};
				};
			};
			buildConfigurationList = 8C4B7CBF1DB7709200EB585F /* Build configuration list for PBXProject "TSFH_iOS" */;
			compatibilityVersion = "Xcode 3.2";
			developmentRegion = English;
			hasScannedForEncodings = 0;
			knownRegions = (
				en,
				Base,
			);
			mainGroup = 8C4B7CBB1DB7709200EB585F;
			productRefGroup = 8C4B7CC51DB7709200EB585F /* Products */;
			projectDirPath = "";
			projectRoot = "";
			targets = (
				8C4B7CC31DB7709200EB585F /* TSFH_iOS */,
			);
		};
/* End PBXProject section */

/* Begin PBXResourcesBuildPhase section */
		8C4B7CC21DB7709200EB585F /* Resources */ = {
			isa = PBXResourcesBuildPhase;
			buildActionMask = 2147483647;
			files = (
				CDB906B01DB8E8E40027F423 /* LaunchScreen.storyboard in Resources */,
				8C4B7CD41DB7709200EB585F /* Assets.xcassets in Resources */,
				8C4B7CD21DB7709200EB585F /* Main.storyboard in Resources */,
			);
			runOnlyForDeploymentPostprocessing = 0;
		};
/* End PBXResourcesBuildPhase section */

/* Begin PBXSourcesBuildPhase section */
		8C4B7CC01DB7709200EB585F /* Sources */ = {
			isa = PBXSourcesBuildPhase;
			buildActionMask = 2147483647;
			files = (
				CDB906AC1DB8E6080027F423 /* ClassificationViewController.m in Sources */,
				CDB9069C1DB8E4E60027F423 /* BaseTabViewController.m in Sources */,
				CDB9069F1DB8E4FF0027F423 /* BaseViewController.m in Sources */,
				CDB906B31DB8EAAD0027F423 /* LaunchViewController.m in Sources */,
				8C475CBE1DB9DB8C00E4CE1B /* AFURLResponseSerialization.m in Sources */,
				8C475CC71DB9DBE700E4CE1B /* FeedManager.m in Sources */,
				8C4B7CCC1DB7709200EB585F /* AppDelegate.m in Sources */,
				8C475CBD1DB9DB8C00E4CE1B /* AFURLRequestSerialization.m in Sources */,
				8C475CBA1DB9DB8C00E4CE1B /* AFHTTPSessionManager.m in Sources */,
				CDB906A61DB8E5ED0027F423 /* AnnouncementViewController.m in Sources */,
				8C475CBF1DB9DB8C00E4CE1B /* AFURLSessionManager.m in Sources */,
				CDB906A91DB8E5FD0027F423 /* SearchViewController.m in Sources */,
				CDB906BA1DB8FA1F0027F423 /* UIColor+HexColor.m in Sources */,
				8C475CC11DB9DB8C00E4CE1B /* ReachabilityManager.m in Sources */,
				8C475CBC1DB9DB8C00E4CE1B /* AFSecurityPolicy.m in Sources */,
				8C4B7CC91DB7709200EB585F /* main.m in Sources */,
				8C475CBB1DB9DB8C00E4CE1B /* AFNetworkReachabilityManager.m in Sources */,
				CDB906B61DB8F90E0027F423 /* AppManager.m in Sources */,
				8C475CC01DB9DB8C00E4CE1B /* Reachability.m in Sources */,
			);
			runOnlyForDeploymentPostprocessing = 0;
		};
/* End PBXSourcesBuildPhase section */

/* Begin PBXVariantGroup section */
		8C4B7CD01DB7709200EB585F /* Main.storyboard */ = {
			isa = PBXVariantGroup;
			children = (
				8C4B7CD11DB7709200EB585F /* Base */,
			);
			name = Main.storyboard;
			sourceTree = "<group>";
		};
/* End PBXVariantGroup section */

/* Begin XCBuildConfiguration section */
		8C4B7CD91DB7709200EB585F /* Debug */ = {
			isa = XCBuildConfiguration;
			buildSettings = {
				ALWAYS_SEARCH_USER_PATHS = NO;
				CLANG_ANALYZER_NONNULL = YES;
				CLANG_CXX_LANGUAGE_STANDARD = "gnu++0x";
				CLANG_CXX_LIBRARY = "libc++";
				CLANG_ENABLE_MODULES = YES;
				CLANG_ENABLE_OBJC_ARC = YES;
				CLANG_WARN_BOOL_CONVERSION = YES;
				CLANG_WARN_CONSTANT_CONVERSION = YES;
				CLANG_WARN_DIRECT_OBJC_ISA_USAGE = YES_ERROR;
				CLANG_WARN_DOCUMENTATION_COMMENTS = YES;
				CLANG_WARN_EMPTY_BODY = YES;
				CLANG_WARN_ENUM_CONVERSION = YES;
				CLANG_WARN_INFINITE_RECURSION = YES;
				CLANG_WARN_INT_CONVERSION = YES;
				CLANG_WARN_OBJC_ROOT_CLASS = YES_ERROR;
				CLANG_WARN_SUSPICIOUS_MOVES = YES;
				CLANG_WARN_UNREACHABLE_CODE = YES;
				CLANG_WARN__DUPLICATE_METHOD_MATCH = YES;
				"CODE_SIGN_IDENTITY[sdk=iphoneos*]" = "iPhone Developer";
				COPY_PHASE_STRIP = NO;
				DEBUG_INFORMATION_FORMAT = dwarf;
				ENABLE_STRICT_OBJC_MSGSEND = YES;
				ENABLE_TESTABILITY = YES;
				GCC_C_LANGUAGE_STANDARD = gnu99;
				GCC_DYNAMIC_NO_PIC = NO;
				GCC_NO_COMMON_BLOCKS = YES;
				GCC_OPTIMIZATION_LEVEL = 0;
				GCC_PREPROCESSOR_DEFINITIONS = (
					"DEBUG=1",
					"$(inherited)",
				);
				GCC_WARN_64_TO_32_BIT_CONVERSION = YES;
				GCC_WARN_ABOUT_RETURN_TYPE = YES_ERROR;
				GCC_WARN_UNDECLARED_SELECTOR = YES;
				GCC_WARN_UNINITIALIZED_AUTOS = YES_AGGRESSIVE;
				GCC_WARN_UNUSED_FUNCTION = YES;
				GCC_WARN_UNUSED_VARIABLE = YES;
				IPHONEOS_DEPLOYMENT_TARGET = 10.0;
				MTL_ENABLE_DEBUG_INFO = YES;
				ONLY_ACTIVE_ARCH = YES;
				SDKROOT = iphoneos;
				TARGETED_DEVICE_FAMILY = "1,2";
			};
			name = Debug;
		};
		8C4B7CDA1DB7709200EB585F /* Release */ = {
			isa = XCBuildConfiguration;
			buildSettings = {
				ALWAYS_SEARCH_USER_PATHS = NO;
				CLANG_ANALYZER_NONNULL = YES;
				CLANG_CXX_LANGUAGE_STANDARD = "gnu++0x";
				CLANG_CXX_LIBRARY = "libc++";
				CLANG_ENABLE_MODULES = YES;
				CLANG_ENABLE_OBJC_ARC = YES;
				CLANG_WARN_BOOL_CONVERSION = YES;
				CLANG_WARN_CONSTANT_CONVERSION = YES;
				CLANG_WARN_DIRECT_OBJC_ISA_USAGE = YES_ERROR;
				CLANG_WARN_DOCUMENTATION_COMMENTS = YES;
				CLANG_WARN_EMPTY_BODY = YES;
				CLANG_WARN_ENUM_CONVERSION = YES;
				CLANG_WARN_INFINITE_RECURSION = YES;
				CLANG_WARN_INT_CONVERSION = YES;
				CLANG_WARN_OBJC_ROOT_CLASS = YES_ERROR;
				CLANG_WARN_SUSPICIOUS_MOVES = YES;
				CLANG_WARN_UNREACHABLE_CODE = YES;
				CLANG_WARN__DUPLICATE_METHOD_MATCH = YES;
				"CODE_SIGN_IDENTITY[sdk=iphoneos*]" = "iPhone Developer";
				COPY_PHASE_STRIP = NO;
				DEBUG_INFORMATION_FORMAT = "dwarf-with-dsym";
				ENABLE_NS_ASSERTIONS = NO;
				ENABLE_STRICT_OBJC_MSGSEND = YES;
				GCC_C_LANGUAGE_STANDARD = gnu99;
				GCC_NO_COMMON_BLOCKS = YES;
				GCC_WARN_64_TO_32_BIT_CONVERSION = YES;
				GCC_WARN_ABOUT_RETURN_TYPE = YES_ERROR;
				GCC_WARN_UNDECLARED_SELECTOR = YES;
				GCC_WARN_UNINITIALIZED_AUTOS = YES_AGGRESSIVE;
				GCC_WARN_UNUSED_FUNCTION = YES;
				GCC_WARN_UNUSED_VARIABLE = YES;
				IPHONEOS_DEPLOYMENT_TARGET = 10.0;
				MTL_ENABLE_DEBUG_INFO = NO;
				SDKROOT = iphoneos;
				TARGETED_DEVICE_FAMILY = "1,2";
				VALIDATE_PRODUCT = YES;
			};
			name = Release;
		};
		8C4B7CDC1DB7709200EB585F /* Debug */ = {
			isa = XCBuildConfiguration;
			buildSettings = {
				ASSETCATALOG_COMPILER_APPICON_NAME = AppIcon;
				DEVELOPMENT_TEAM = "";
				INFOPLIST_FILE = TSFH_iOS/Info.plist;
				IPHONEOS_DEPLOYMENT_TARGET = 9.0;
				LD_RUNPATH_SEARCH_PATHS = "$(inherited) @executable_path/Frameworks";
				PRODUCT_BUNDLE_IDENTIFIER = "tw.ccu.edu.iot.TSFH-iOS";
				PRODUCT_NAME = "$(TARGET_NAME)";
			};
			name = Debug;
		};
		8C4B7CDD1DB7709200EB585F /* Release */ = {
			isa = XCBuildConfiguration;
			buildSettings = {
				ASSETCATALOG_COMPILER_APPICON_NAME = AppIcon;
				DEVELOPMENT_TEAM = "";
				INFOPLIST_FILE = TSFH_iOS/Info.plist;
				IPHONEOS_DEPLOYMENT_TARGET = 9.0;
				LD_RUNPATH_SEARCH_PATHS = "$(inherited) @executable_path/Frameworks";
				PRODUCT_BUNDLE_IDENTIFIER = "tw.ccu.edu.iot.TSFH-iOS";
				PRODUCT_NAME = "$(TARGET_NAME)";
			};
			name = Release;
		};
/* End XCBuildConfiguration section */

/* Begin XCConfigurationList section */
		8C4B7CBF1DB7709200EB585F /* Build configuration list for PBXProject "TSFH_iOS" */ = {
			isa = XCConfigurationList;
			buildConfigurations = (
				8C4B7CD91DB7709200EB585F /* Debug */,
				8C4B7CDA1DB7709200EB585F /* Release */,
			);
			defaultConfigurationIsVisible = 0;
			defaultConfigurationName = Release;
		};
		8C4B7CDB1DB7709200EB585F /* Build configuration list for PBXNativeTarget "TSFH_iOS" */ = {
			isa = XCConfigurationList;
			buildConfigurations = (
				8C4B7CDC1DB7709200EB585F /* Debug */,
				8C4B7CDD1DB7709200EB585F /* Release */,
			);
			defaultConfigurationIsVisible = 0;
			defaultConfigurationName = Release;
		};
/* End XCConfigurationList section */
	};
	rootObject = 8C4B7CBC1DB7709200EB585F /* Project object */;
}
